
Microsoft Visual Studio Solution File, Format Version 12.00
# Visual Studio Version 16
VisualStudioVersion = 16.0.32510.428
MinimumVisualStudioVersion = 10.0.40219.1
Project("{9A19103F-16F7-4668-BE54-9A1E7A4F7556}") = "WinFormsAppTest", "WinFormsAppTest\WinFormsAppTest.csproj", "{CD6E872A-7FF3-4CDD-BE99-51976D436897}"
EndProject
Global
	GlobalSection(SolutionConfigurationPlatforms) = preSolution
		Debug|Any CPU = Debug|Any CPU
		Release|Any CPU = Release|Any CPU
	EndGlobalSection
	GlobalSection(ProjectConfigurationPlatforms) = postSolution
		{CD6E872A-7FF3-4CDD-BE99-51976D436897}.Debug|Any CPU.ActiveCfg = Debug|Any CPU
		{CD6E872A-7FF3-4CDD-BE99-51976D436897}.Debug|Any CPU.Build.0 = Debug|Any CPU
		{CD6E872A-7FF3-4CDD-BE99-51976D436897}.Release|Any CPU.ActiveCfg = Release|Any CPU
		{CD6E872A-7FF3-4CDD-BE99-51976D436897}.Release|Any CPU.Build.0 = Release|Any CPU
	EndGlobalSection
	GlobalSection(SolutionProperties) = preSolution
		HideSolutionNode = FALSE
	EndGlobalSection
	GlobalSection(ExtensibilityGlobals) = postSolution
		SolutionGuid = {AD431F53-D802-48EA-9C05-3BF08BB10D4F}
	EndGlobalSection
EndGlobal
