
Microsoft Visual Studio Solution File, Format Version 12.00
# Visual Studio Version 16
VisualStudioVersion = 16.0.31624.102
MinimumVisualStudioVersion = 10.0.40219.1
Project("{9A19103F-16F7-4668-BE54-9A1E7A4F7556}") = "Herencia.2022", "Herencia.2021\Herencia.2022.csproj", "{B8D257BD-5DC7-49B8-A08C-1F51E45B3833}"
EndProject
Project("{9A19103F-16F7-4668-BE54-9A1E7A4F7556}") = "Entidades", "Entidades\Entidades.csproj", "{52B4814C-F40D-4234-838C-64CC6AEF8EF0}"
EndProject
Project("{9A19103F-16F7-4668-BE54-9A1E7A4F7556}") = "TestConsola", "TestConsola\TestConsola.csproj", "{AF235406-5C9E-4EBA-8E1B-F855459F9825}"
EndProject
Project("{9A19103F-16F7-4668-BE54-9A1E7A4F7556}") = "TestWForms", "TestWForms\TestWForms.csproj", "{099828B2-20F4-4F07-B342-E385973C2256}"
EndProject
Global
	GlobalSection(SolutionConfigurationPlatforms) = preSolution
		Debug|Any CPU = Debug|Any CPU
		Release|Any CPU = Release|Any CPU
	EndGlobalSection
	GlobalSection(ProjectConfigurationPlatforms) = postSolution
		{B8D257BD-5DC7-49B8-A08C-1F51E45B3833}.Debug|Any CPU.ActiveCfg = Debug|Any CPU
		{B8D257BD-5DC7-49B8-A08C-1F51E45B3833}.Debug|Any CPU.Build.0 = Debug|Any CPU
		{B8D257BD-5DC7-49B8-A08C-1F51E45B3833}.Release|Any CPU.ActiveCfg = Release|Any CPU
		{B8D257BD-5DC7-49B8-A08C-1F51E45B3833}.Release|Any CPU.Build.0 = Release|Any CPU
		{52B4814C-F40D-4234-838C-64CC6AEF8EF0}.Debug|Any CPU.ActiveCfg = Debug|Any CPU
		{52B4814C-F40D-4234-838C-64CC6AEF8EF0}.Debug|Any CPU.Build.0 = Debug|Any CPU
		{52B4814C-F40D-4234-838C-64CC6AEF8EF0}.Release|Any CPU.ActiveCfg = Release|Any CPU
		{52B4814C-F40D-4234-838C-64CC6AEF8EF0}.Release|Any CPU.Build.0 = Release|Any CPU
		{AF235406-5C9E-4EBA-8E1B-F855459F9825}.Debug|Any CPU.ActiveCfg = Debug|Any CPU
		{AF235406-5C9E-4EBA-8E1B-F855459F9825}.Debug|Any CPU.Build.0 = Debug|Any CPU
		{AF235406-5C9E-4EBA-8E1B-F855459F9825}.Release|Any CPU.ActiveCfg = Release|Any CPU
		{AF235406-5C9E-4EBA-8E1B-F855459F9825}.Release|Any CPU.Build.0 = Release|Any CPU
		{099828B2-20F4-4F07-B342-E385973C2256}.Debug|Any CPU.ActiveCfg = Debug|Any CPU
		{099828B2-20F4-4F07-B342-E385973C2256}.Debug|Any CPU.Build.0 = Debug|Any CPU
		{099828B2-20F4-4F07-B342-E385973C2256}.Release|Any CPU.ActiveCfg = Release|Any CPU
		{099828B2-20F4-4F07-B342-E385973C2256}.Release|Any CPU.Build.0 = Release|Any CPU
	EndGlobalSection
	GlobalSection(SolutionProperties) = preSolution
		HideSolutionNode = FALSE
	EndGlobalSection
	GlobalSection(ExtensibilityGlobals) = postSolution
		SolutionGuid = {FD8ECD73-76C0-4C73-9701-CB7F799CEE3C}
	EndGlobalSection
EndGlobal
