
Microsoft Visual Studio Solution File, Format Version 12.00
# Visual Studio Version 16
VisualStudioVersion = 16.0.31624.102
MinimumVisualStudioVersion = 10.0.40219.1
Project("{FAE04EC0-301F-11D3-BF4B-00C04F79EFBC}") = "TiposGenericos2022", "TiposGenericos2022\TiposGenericos2022.csproj", "{06262495-3E09-4A58-8531-36B70842368A}"
EndProject
Project("{FAE04EC0-301F-11D3-BF4B-00C04F79EFBC}") = "Entidades", "Entidades\Entidades.csproj", "{08220549-B815-426B-8FA4-7EA665AD4218}"
EndProject
Global
	GlobalSection(SolutionConfigurationPlatforms) = preSolution
		Debug|Any CPU = Debug|Any CPU
		Release|Any CPU = Release|Any CPU
	EndGlobalSection
	GlobalSection(ProjectConfigurationPlatforms) = postSolution
		{06262495-3E09-4A58-8531-36B70842368A}.Debug|Any CPU.ActiveCfg = Debug|Any CPU
		{06262495-3E09-4A58-8531-36B70842368A}.Debug|Any CPU.Build.0 = Debug|Any CPU
		{06262495-3E09-4A58-8531-36B70842368A}.Release|Any CPU.ActiveCfg = Release|Any CPU
		{06262495-3E09-4A58-8531-36B70842368A}.Release|Any CPU.Build.0 = Release|Any CPU
		{08220549-B815-426B-8FA4-7EA665AD4218}.Debug|Any CPU.ActiveCfg = Debug|Any CPU
		{08220549-B815-426B-8FA4-7EA665AD4218}.Debug|Any CPU.Build.0 = Debug|Any CPU
		{08220549-B815-426B-8FA4-7EA665AD4218}.Release|Any CPU.ActiveCfg = Release|Any CPU
		{08220549-B815-426B-8FA4-7EA665AD4218}.Release|Any CPU.Build.0 = Release|Any CPU
	EndGlobalSection
	GlobalSection(SolutionProperties) = preSolution
		HideSolutionNode = FALSE
	EndGlobalSection
	GlobalSection(ExtensibilityGlobals) = postSolution
		SolutionGuid = {674C82CB-4E9E-4AB0-BF82-D9B6D5454C26}
	EndGlobalSection
EndGlobal
